
Microsoft Visual Studio Solution File, Format Version 12.00
# Visual Studio Version 17
VisualStudioVersion = 17.11.35327.3
MinimumVisualStudioVersion = 10.0.40219.1
Project("{FAE04EC0-301F-11D3-BF4B-00C04F79EFBC}") = "Taskman.API", "Taskman.API\Taskman.API.csproj", "{D5E9EE04-B675-4526-AA6F-1E32D3B1E0F9}"
EndProject
Global
	GlobalSection(SolutionConfigurationPlatforms) = preSolution
		Debug|Any CPU = Debug|Any CPU
		Release|Any CPU = Release|Any CPU
	EndGlobalSection
	GlobalSection(ProjectConfigurationPlatforms) = postSolution
		{D5E9EE04-B675-4526-AA6F-1E32D3B1E0F9}.Debug|Any CPU.ActiveCfg = Debug|Any CPU
		{D5E9EE04-B675-4526-AA6F-1E32D3B1E0F9}.Debug|Any CPU.Build.0 = Debug|Any CPU
		{D5E9EE04-B675-4526-AA6F-1E32D3B1E0F9}.Release|Any CPU.ActiveCfg = Release|Any CPU
		{D5E9EE04-B675-4526-AA6F-1E32D3B1E0F9}.Release|Any CPU.Build.0 = Release|Any CPU
	EndGlobalSection
	GlobalSection(SolutionProperties) = preSolution
		HideSolutionNode = FALSE
	EndGlobalSection
	GlobalSection(ExtensibilityGlobals) = postSolution
		SolutionGuid = {627A019F-CC7D-4A53-A8D8-20A5788BC4E1}
	EndGlobalSection
EndGlobal
