
Microsoft Visual Studio Solution File, Format Version 12.00
# Visual Studio Version 17
VisualStudioVersion = 17.11.35327.3
MinimumVisualStudioVersion = 10.0.40219.1
Project("{9A19103F-16F7-4668-BE54-9A1E7A4F7556}") = "Taskman.API", "Taskman.API\Taskman.API.csproj", "{D5E9EE04-B675-4526-AA6F-1E32D3B1E0F9}"
EndProject
Project("{9A19103F-16F7-4668-BE54-9A1E7A4F7556}") = "Taskman.ConsumerCLI", "Taskman.ConsumerCLI\Taskman.ConsumerCLI.csproj", "{794A810B-C4F3-41B6-9A01-F464A73F321F}"
EndProject
Project("{9A19103F-16F7-4668-BE54-9A1E7A4F7556}") = "Taskman.Messages", "Taskman.Messages\Taskman.Messages.csproj", "{4F81934E-1F12-44CA-B72D-768DA57A9228}"
EndProject
Project("{9A19103F-16F7-4668-BE54-9A1E7A4F7556}") = "Taskman.MassTransit.RabbitMq", "Taskman.MassTransit.RabbitMq\Taskman.MassTransit.RabbitMq.csproj", "{5C1C4020-8583-43ED-ADC8-9ED1F3D005B1}"
EndProject
Project("{FAE04EC0-301F-11D3-BF4B-00C04F79EFBC}") = "Taskman.Data", "Taskman.Data\Taskman.Data.csproj", "{C7F7F465-6672-4DF6-8D8B-4FB4C2FD152C}"
EndProject
Project("{FAE04EC0-301F-11D3-BF4B-00C04F79EFBC}") = "Taskman.Data.Sqlite", "Taskman.Data.Sqlite\Taskman.Data.Sqlite.csproj", "{4DF3AC34-3CDE-4F14-96CB-3CB75FF4D0F4}"
EndProject
Project("{FAE04EC0-301F-11D3-BF4B-00C04F79EFBC}") = "Taskman.Common", "Taskman.Common\Taskman.Common.csproj", "{B4FDA19A-7F1F-47A9-B7B1-0DC5A823B703}"
EndProject
Global
	GlobalSection(SolutionConfigurationPlatforms) = preSolution
		Debug|Any CPU = Debug|Any CPU
		Release|Any CPU = Release|Any CPU
	EndGlobalSection
	GlobalSection(ProjectConfigurationPlatforms) = postSolution
		{D5E9EE04-B675-4526-AA6F-1E32D3B1E0F9}.Debug|Any CPU.ActiveCfg = Debug|Any CPU
		{D5E9EE04-B675-4526-AA6F-1E32D3B1E0F9}.Debug|Any CPU.Build.0 = Debug|Any CPU
		{D5E9EE04-B675-4526-AA6F-1E32D3B1E0F9}.Release|Any CPU.ActiveCfg = Release|Any CPU
		{D5E9EE04-B675-4526-AA6F-1E32D3B1E0F9}.Release|Any CPU.Build.0 = Release|Any CPU
		{794A810B-C4F3-41B6-9A01-F464A73F321F}.Debug|Any CPU.ActiveCfg = Debug|Any CPU
		{794A810B-C4F3-41B6-9A01-F464A73F321F}.Debug|Any CPU.Build.0 = Debug|Any CPU
		{794A810B-C4F3-41B6-9A01-F464A73F321F}.Release|Any CPU.ActiveCfg = Release|Any CPU
		{794A810B-C4F3-41B6-9A01-F464A73F321F}.Release|Any CPU.Build.0 = Release|Any CPU
		{4F81934E-1F12-44CA-B72D-768DA57A9228}.Debug|Any CPU.ActiveCfg = Debug|Any CPU
		{4F81934E-1F12-44CA-B72D-768DA57A9228}.Debug|Any CPU.Build.0 = Debug|Any CPU
		{4F81934E-1F12-44CA-B72D-768DA57A9228}.Release|Any CPU.ActiveCfg = Release|Any CPU
		{4F81934E-1F12-44CA-B72D-768DA57A9228}.Release|Any CPU.Build.0 = Release|Any CPU
		{5C1C4020-8583-43ED-ADC8-9ED1F3D005B1}.Debug|Any CPU.ActiveCfg = Debug|Any CPU
		{5C1C4020-8583-43ED-ADC8-9ED1F3D005B1}.Debug|Any CPU.Build.0 = Debug|Any CPU
		{5C1C4020-8583-43ED-ADC8-9ED1F3D005B1}.Release|Any CPU.ActiveCfg = Release|Any CPU
		{5C1C4020-8583-43ED-ADC8-9ED1F3D005B1}.Release|Any CPU.Build.0 = Release|Any CPU
		{C7F7F465-6672-4DF6-8D8B-4FB4C2FD152C}.Debug|Any CPU.ActiveCfg = Debug|Any CPU
		{C7F7F465-6672-4DF6-8D8B-4FB4C2FD152C}.Debug|Any CPU.Build.0 = Debug|Any CPU
		{C7F7F465-6672-4DF6-8D8B-4FB4C2FD152C}.Release|Any CPU.ActiveCfg = Release|Any CPU
		{C7F7F465-6672-4DF6-8D8B-4FB4C2FD152C}.Release|Any CPU.Build.0 = Release|Any CPU
		{4DF3AC34-3CDE-4F14-96CB-3CB75FF4D0F4}.Debug|Any CPU.ActiveCfg = Debug|Any CPU
		{4DF3AC34-3CDE-4F14-96CB-3CB75FF4D0F4}.Debug|Any CPU.Build.0 = Debug|Any CPU
		{4DF3AC34-3CDE-4F14-96CB-3CB75FF4D0F4}.Release|Any CPU.ActiveCfg = Release|Any CPU
		{4DF3AC34-3CDE-4F14-96CB-3CB75FF4D0F4}.Release|Any CPU.Build.0 = Release|Any CPU
		{B4FDA19A-7F1F-47A9-B7B1-0DC5A823B703}.Debug|Any CPU.ActiveCfg = Debug|Any CPU
		{B4FDA19A-7F1F-47A9-B7B1-0DC5A823B703}.Debug|Any CPU.Build.0 = Debug|Any CPU
		{B4FDA19A-7F1F-47A9-B7B1-0DC5A823B703}.Release|Any CPU.ActiveCfg = Release|Any CPU
		{B4FDA19A-7F1F-47A9-B7B1-0DC5A823B703}.Release|Any CPU.Build.0 = Release|Any CPU
	EndGlobalSection
	GlobalSection(SolutionProperties) = preSolution
		HideSolutionNode = FALSE
	EndGlobalSection
	GlobalSection(ExtensibilityGlobals) = postSolution
		SolutionGuid = {627A019F-CC7D-4A53-A8D8-20A5788BC4E1}
	EndGlobalSection
EndGlobal
